{
  "requires": true,
  "lockfileVersion": 1,
  "dependencies": {
    "anymatch": {
      "version": "3.1.2",
      "resolved": "https://registry.npmjs.org/anymatch/-/anymatch-3.1.2.tgz",
      "integrity": "sha512-P43ePfOAIupkguHUycrc4qJ9kz8ZiuOUijaETwX7THt0Y/GNK7v0aa8rY816xWjZ7rJdA5XdMcpVFTKMq+RvWg==",
      "requires": {
        "normalize-path": "^3.0.0",
        "picomatch": "^2.0.4"
      }
    },
    "binary-extensions": {
      "version": "2.2.0",
      "resolved": "https://registry.npmjs.org/binary-extensions/-/binary-extensions-2.2.0.tgz",
      "integrity": "sha512-jDctJ/IVQbZoJykoeHbhXpOlNBqGNcwXJKJog42E5HDPUwQTSdjCHdihjj0DlnheQ7blbT6dHOafNAiS8ooQKA=="
    },
    "bowser": {
      "version": "1.9.4",
      "resolved": "https://registry.npmjs.org/bowser/-/bowser-1.9.4.tgz",
      "integrity": "sha512-9IdMmj2KjigRq6oWhmwv1W36pDuA4STQZ8q6YO9um+x07xgYNCD3Oou+WP/3L1HNz7iqythGet3/p4wvc8AAwQ=="
    },
    "braces": {
      "version": "3.0.2",
      "resolved": "https://registry.npmjs.org/braces/-/braces-3.0.2.tgz",
      "integrity": "sha512-b8um+L1RzM3WDSzvhm6gIz1yfTbBt6YTlcEKAvsmqCZZFw46z626lVj9j1yEPW33H5H+lBQpZMP1k8l+78Ha0A==",
      "requires": {
        "fill-range": "^7.0.1"
      }
    },
    "chokidar": {
      "version": "3.5.2",
      "resolved": "https://registry.npmjs.org/chokidar/-/chokidar-3.5.2.tgz",
      "integrity": "sha512-ekGhOnNVPgT77r4K/U3GDhu+FQ2S8TnK/s2KbIGXi0SZWuwkZ2QNyfWdZW+TVfn84DpEP7rLeCt2UI6bJ8GwbQ==",
      "requires": {
        "anymatch": "~3.1.2",
        "braces": "~3.0.2",
        "fsevents": "~2.3.2",
        "glob-parent": "~5.1.2",
        "is-binary-path": "~2.1.0",
        "is-glob": "~4.0.1",
        "normalize-path": "~3.0.0",
        "readdirp": "~3.6.0"
      }
    },
    "css-in-js-utils": {
      "version": "2.0.1",
      "resolved": "https://registry.npmjs.org/css-in-js-utils/-/css-in-js-utils-2.0.1.tgz",
      "integrity": "sha512-PJF0SpJT+WdbVVt0AOYp9C8GnuruRlL/UFW7932nLWmFLQTaWEzTBQEx7/hn4BuV+WON75iAViSUJLiU3PKbpA==",
      "requires": {
        "hyphenate-style-name": "^1.0.2",
        "isobject": "^3.0.1"
      }
    },
    "exenv": {
      "version": "1.2.2",
      "resolved": "https://registry.npmjs.org/exenv/-/exenv-1.2.2.tgz",
      "integrity": "sha1-KueOhdmJQVhnCwPUe+wfA72Ru50="
    },
    "fill-range": {
      "version": "7.0.1",
      "resolved": "https://registry.npmjs.org/fill-range/-/fill-range-7.0.1.tgz",
      "integrity": "sha512-qOo9F+dMUmC2Lcb4BbVvnKJxTPjCm+RRpe4gDuGrzkL7mEVl/djYSu2OdQ2Pa302N4oqkSg9ir6jaLWJ2USVpQ==",
      "requires": {
        "to-regex-range": "^5.0.1"
      }
    },
    "fsevents": {
      "version": "2.3.2",
      "resolved": "https://registry.npmjs.org/fsevents/-/fsevents-2.3.2.tgz",
      "integrity": "sha512-xiqMQR4xAeHTuB9uWm+fFRcIOgKBMiOBP+eXiyT7jsgVCq1bkVygt00oASowB7EdtpOHaaPgKt812P9ab+DDKA==",
      "optional": true
    },
    "glob-parent": {
      "version": "5.1.2",
      "resolved": "https://registry.npmjs.org/glob-parent/-/glob-parent-5.1.2.tgz",
      "integrity": "sha512-AOIgSQCepiJYwP3ARnGx+5VnTu2HBYdzbGP45eLw1vr3zB3vZLeyed1sC9hnbcOc9/SrMyM5RPQrkGz4aS9Zow==",
      "requires": {
        "is-glob": "^4.0.1"
      }
    },
    "hoist-non-react-statics": {
      "version": "3.3.0",
      "resolved": "https://registry.npmjs.org/hoist-non-react-statics/-/hoist-non-react-statics-3.3.0.tgz",
      "integrity": "sha512-0XsbTXxgiaCDYDIWFcwkmerZPSwywfUqYmwT4jzewKTQSWoE6FCMoUVOeBJWK3E/CrWbxRG3m5GzY4lnIwGRBA==",
      "requires": {
        "react-is": "^16.7.0"
      }
    },
    "hyphenate-style-name": {
      "version": "1.0.4",
      "resolved": "https://registry.npmjs.org/hyphenate-style-name/-/hyphenate-style-name-1.0.4.tgz",
      "integrity": "sha512-ygGZLjmXfPHj+ZWh6LwbC37l43MhfztxetbFCoYTM2VjkIUpeHgSNn7QIyVFj7YQ1Wl9Cbw5sholVJPzWvC2MQ=="
    },
    "immutable": {
      "version": "4.0.0",
      "resolved": "https://registry.npmjs.org/immutable/-/immutable-4.0.0.tgz",
      "integrity": "sha512-zIE9hX70qew5qTUjSS7wi1iwj/l7+m54KWU247nhM3v806UdGj1yDndXj+IOYxxtW9zyLI+xqFNZjTuDaLUqFw=="
    },
    "inline-style-prefixer": {
      "version": "4.0.2",
      "resolved": "https://registry.npmjs.org/inline-style-prefixer/-/inline-style-prefixer-4.0.2.tgz",
      "integrity": "sha512-N8nVhwfYga9MiV9jWlwfdj1UDIaZlBFu4cJSJkIr7tZX7sHpHhGR5su1qdpW+7KPL8ISTvCIkcaFi/JdBknvPg==",
      "requires": {
        "bowser": "^1.7.3",
        "css-in-js-utils": "^2.0.0"
      }
    },
    "is-binary-path": {
      "version": "2.1.0",
      "resolved": "https://registry.npmjs.org/is-binary-path/-/is-binary-path-2.1.0.tgz",
      "integrity": "sha512-ZMERYes6pDydyuGidse7OsHxtbI7WVeUEozgR/g7rd0xUimYNlvZRE/K2MgZTjWy725IfelLeVcEM97mmtRGXw==",
      "requires": {
        "binary-extensions": "^2.0.0"
      }
    },
    "is-extglob": {
      "version": "2.1.1",
      "resolved": "https://registry.npmjs.org/is-extglob/-/is-extglob-2.1.1.tgz",
      "integrity": "sha1-qIwCU1eR8C7TfHahueqXc8gz+MI="
    },
    "is-glob": {
      "version": "4.0.3",
      "resolved": "https://registry.npmjs.org/is-glob/-/is-glob-4.0.3.tgz",
      "integrity": "sha512-xelSayHH36ZgE7ZWhli7pW34hNbNl8Ojv5KVmkJD4hBdD3th8Tfk9vYasLM+mXWOZhFkgZfxhLSnrwRr4elSSg==",
      "requires": {
        "is-extglob": "^2.1.1"
      }
    },
    "is-number": {
      "version": "7.0.0",
      "resolved": "https://registry.npmjs.org/is-number/-/is-number-7.0.0.tgz",
      "integrity": "sha512-41Cifkg6e8TylSpdtTpeLVMqvSBEVzTttHvERD741+pnZ8ANv0004MRL43QKPDlK9cGvNp6NZWZUBlbGXYxxng=="
    },
    "isobject": {
      "version": "3.0.1",
      "resolved": "https://registry.npmjs.org/isobject/-/isobject-3.0.1.tgz",
      "integrity": "sha1-TkMekrEalzFjaqH5yNHMvP2reN8="
    },
    "js-tokens": {
      "version": "4.0.0",
      "resolved": "https://registry.npmjs.org/js-tokens/-/js-tokens-4.0.0.tgz",
      "integrity": "sha512-RdJUflcE3cUzKiMqQgsCu06FPu9UdIJO0beYbPhHN4k6apgJtifcoCtT9bcxOpYBtpD2kCM6Sbzg4CausW/PKQ=="
    },
    "lodash": {
      "version": "4.17.21",
      "resolved": "https://registry.npmjs.org/lodash/-/lodash-4.17.21.tgz",
      "integrity": "sha512-v2kDEe57lecTulaDIuNTPy3Ry4gLGJ6Z1O3vE1krgXZNrsQ+LFTGHVxVjcXPs17LhbZVGedAJv8XZ1tvj5FvSg=="
    },
    "loose-envify": {
      "version": "1.4.0",
      "resolved": "https://registry.npmjs.org/loose-envify/-/loose-envify-1.4.0.tgz",
      "integrity": "sha512-lyuxPGr/Wfhrlem2CL/UcnUc1zcqKAImBDzukY7Y5F/yQiNdko6+fRLevlw1HgMySw7f611UIY408EtxRSoK3Q==",
      "requires": {
        "js-tokens": "^3.0.0 || ^4.0.0"
      }
    },
    "normalize-path": {
      "version": "3.0.0",
      "resolved": "https://registry.npmjs.org/normalize-path/-/normalize-path-3.0.0.tgz",
      "integrity": "sha512-6eZs5Ls3WtCisHWp9S2GUy8dqkpGi4BVSz3GaqiE6ezub0512ESztXUwUB6C6IKbQkY2Pnb/mD4WYojCRwcwLA=="
    },
    "object-assign": {
      "version": "4.1.1",
      "resolved": "https://registry.npmjs.org/object-assign/-/object-assign-4.1.1.tgz",
      "integrity": "sha1-IQmtx5ZYh8/AXLvUQsrIv7s2CGM="
    },
    "performance-now": {
      "version": "0.2.0",
      "resolved": "https://registry.npmjs.org/performance-now/-/performance-now-0.2.0.tgz",
      "integrity": "sha1-M+8wxcd9TqIcWlOGnZG1bY8lVeU="
    },
    "picomatch": {
      "version": "2.3.1",
      "resolved": "https://registry.npmjs.org/picomatch/-/picomatch-2.3.1.tgz",
      "integrity": "sha512-JU3teHTNjmE2VCGFzuY8EXzCDVwEqB2a8fsIvwaStHhAWJEeVd1o1QD80CU6+ZdEXXSLbSsuLwJjkCBWqRQUVA=="
    },
    "prop-types": {
      "version": "15.8.0",
      "resolved": "https://registry.npmjs.org/prop-types/-/prop-types-15.8.0.tgz",
      "integrity": "sha512-fDGekdaHh65eI3lMi5OnErU6a8Ighg2KjcjQxO7m8VHyWjcPyj5kiOgV1LQDOOOgVy3+5FgjXvdSSX7B8/5/4g==",
      "requires": {
        "loose-envify": "^1.4.0",
        "object-assign": "^4.1.1",
        "react-is": "^16.13.1"
      }
    },
    "radium": {
      "version": "0.26.1",
      "resolved": "https://registry.npmjs.org/radium/-/radium-0.26.1.tgz",
      "integrity": "sha512-v2DvtBmy5w01hKrCAZmIkEHOMHmj6AeKI9115W2GOCExosP6+7PXV9LHPjZaiOkw3LP4FGvqhNaAWJhcQzoU4g==",
      "requires": {
        "exenv": "^1.2.1",
        "hoist-non-react-statics": "3.3.0",
        "inline-style-prefixer": "^4.0.0",
        "prop-types": "^15.5.8"
      }
    },
    "raf": {
      "version": "3.4.1",
      "resolved": "https://registry.npmjs.org/raf/-/raf-3.4.1.tgz",
      "integrity": "sha512-Sq4CW4QhwOHE8ucn6J34MqtZCeWFP2aQSmrlroYgqAV1PjStIhJXxYuTgUIfkEk7zTLjmIjLmU5q+fbD1NnOJA==",
      "requires": {
        "performance-now": "^2.1.0"
      },
      "dependencies": {
        "performance-now": {
          "version": "2.1.0",
          "resolved": "https://registry.npmjs.org/performance-now/-/performance-now-2.1.0.tgz",
          "integrity": "sha1-Ywn04OX6kT7BxpMHrjZLSzd8nns="
        }
      }
    },
    "react-is": {
      "version": "16.13.1",
      "resolved": "https://registry.npmjs.org/react-is/-/react-is-16.13.1.tgz",
      "integrity": "sha512-24e6ynE2H+OKt4kqsOvNd8kBpV65zoxbA4BVsEOB3ARVWQki/DHzaUoC5KuON/BiccDaCCTZBuOcfZs70kR8bQ=="
    },
    "react-motion": {
      "version": "0.5.2",
      "resolved": "https://registry.npmjs.org/react-motion/-/react-motion-0.5.2.tgz",
      "integrity": "sha512-9q3YAvHoUiWlP3cK0v+w1N5Z23HXMj4IF4YuvjvWegWqNPfLXsOBE/V7UvQGpXxHFKRQQcNcVQE31g9SB/6qgQ==",
      "requires": {
        "performance-now": "^0.2.0",
        "prop-types": "^15.5.8",
        "raf": "^3.1.0"
      }
    },
    "react-toggle-button": {
      "version": "2.2.0",
      "resolved": "https://registry.npmjs.org/react-toggle-button/-/react-toggle-button-2.2.0.tgz",
      "integrity": "sha1-obkhQ6oN9BRkL8sUHwh59UW8Wok=",
      "requires": {
        "prop-types": "^15.6.0",
        "react-motion": "^0.5.2"
      }
    },
    "readdirp": {
      "version": "3.6.0",
      "resolved": "https://registry.npmjs.org/readdirp/-/readdirp-3.6.0.tgz",
      "integrity": "sha512-hOS089on8RduqdbhvQ5Z37A0ESjsqz6qnRcffsMU3495FuTdqSm+7bhJ29JvIOsBDEEnan5DPu9t3To9VRlMzA==",
      "requires": {
        "picomatch": "^2.2.1"
      }
    },
    "sass": {
      "version": "1.47.0",
      "resolved": "https://registry.npmjs.org/sass/-/sass-1.47.0.tgz",
      "integrity": "sha512-GtXwvwgD7/6MLUZPnlA5/8cdRgC9SzT5kAnnJMRmEZQFRE3J56Foswig4NyyyQGsnmNvg6EUM/FP0Pe9Y2zywQ==",
      "requires": {
        "chokidar": ">=3.0.0 <4.0.0",
        "immutable": "^4.0.0",
        "source-map-js": ">=0.6.2 <2.0.0"
      }
    },
    "source-map-js": {
      "version": "1.0.1",
      "resolved": "https://registry.npmjs.org/source-map-js/-/source-map-js-1.0.1.tgz",
      "integrity": "sha512-4+TN2b3tqOCd/kaGRJ/sTYA0tR0mdXx26ipdolxcwtJVqEnqNYvlCAt1q3ypy4QMlYus+Zh34RNtYLoq2oQ4IA=="
    },
    "to-regex-range": {
      "version": "5.0.1",
      "resolved": "https://registry.npmjs.org/to-regex-range/-/to-regex-range-5.0.1.tgz",
      "integrity": "sha512-65P7iz6X5yEr1cwcgvQxbbIw7Uk3gOy5dIdtZ4rDveLqhrdJP+Li/Hx6tyK0NEb+2GCyneCMJiGqrADCSNk8sQ==",
      "requires": {
        "is-number": "^7.0.0"
      }
    }
  }
}
